
Microsoft Visual Studio Solution File, Format Version 12.00
# Visual Studio 15
VisualStudioVersion = 15.0.28307.645
MinimumVisualStudioVersion = 10.0.40219.1
Project("{FAE04EC0-301F-11D3-BF4B-00C04F79EFBC}") = "CoffeeShopWinApp", "CoffeeShopWinApp\CoffeeShopWinApp.csproj", "{E5114569-9053-40C5-967B-01EE37EADCBE}"
EndProject
Global
	GlobalSection(SolutionConfigurationPlatforms) = preSolution
		Debug|Any CPU = Debug|Any CPU
		Release|Any CPU = Release|Any CPU
	EndGlobalSection
	GlobalSection(ProjectConfigurationPlatforms) = postSolution
		{E5114569-9053-40C5-967B-01EE37EADCBE}.Debug|Any CPU.ActiveCfg = Debug|Any CPU
		{E5114569-9053-40C5-967B-01EE37EADCBE}.Debug|Any CPU.Build.0 = Debug|Any CPU
		{E5114569-9053-40C5-967B-01EE37EADCBE}.Release|Any CPU.ActiveCfg = Release|Any CPU
		{E5114569-9053-40C5-967B-01EE37EADCBE}.Release|Any CPU.Build.0 = Release|Any CPU
	EndGlobalSection
	GlobalSection(SolutionProperties) = preSolution
		HideSolutionNode = FALSE
	EndGlobalSection
	GlobalSection(ExtensibilityGlobals) = postSolution
		SolutionGuid = {AFB69048-9069-4683-BC8F-7ECD0620C02E}
	EndGlobalSection
EndGlobal
