
Microsoft Visual Studio Solution File, Format Version 12.00
# Visual Studio 15
VisualStudioVersion = 15.0.28307.572
MinimumVisualStudioVersion = 10.0.40219.1
Project("{FAE04EC0-301F-11D3-BF4B-00C04F79EFBC}") = "TestMVC", "TestMVC\TestMVC.csproj", "{53C58854-7539-461F-BB31-33D80B493E6C}"
EndProject
Project("{FAE04EC0-301F-11D3-BF4B-00C04F79EFBC}") = "TestMVC.DatabaseContext", "TestMVC.DatabaseContext\TestMVC.DatabaseContext.csproj", "{12516F3C-5A08-4292-870A-FA53C25A273E}"
EndProject
Project("{FAE04EC0-301F-11D3-BF4B-00C04F79EFBC}") = "TestMVC.Models", "TestMVC.Models\TestMVC.Models.csproj", "{BDE515D9-7FC8-4457-B956-5F22F5424C61}"
EndProject
Project("{FAE04EC0-301F-11D3-BF4B-00C04F79EFBC}") = "TestMVC.BLL", "TestMVC.BLL\TestMVC.BLL.csproj", "{6A656D6B-5248-43CF-AA45-AD0BA0933DF0}"
EndProject
Project("{FAE04EC0-301F-11D3-BF4B-00C04F79EFBC}") = "TestMVC.Repository", "TestMVC.Repository\TestMVC.Repository.csproj", "{15C826DE-01A3-42A0-80BE-C8D8C12871D3}"
EndProject
Global
	GlobalSection(SolutionConfigurationPlatforms) = preSolution
		Debug|Any CPU = Debug|Any CPU
		Release|Any CPU = Release|Any CPU
	EndGlobalSection
	GlobalSection(ProjectConfigurationPlatforms) = postSolution
		{53C58854-7539-461F-BB31-33D80B493E6C}.Debug|Any CPU.ActiveCfg = Debug|Any CPU
		{53C58854-7539-461F-BB31-33D80B493E6C}.Debug|Any CPU.Build.0 = Debug|Any CPU
		{53C58854-7539-461F-BB31-33D80B493E6C}.Release|Any CPU.ActiveCfg = Release|Any CPU
		{53C58854-7539-461F-BB31-33D80B493E6C}.Release|Any CPU.Build.0 = Release|Any CPU
		{12516F3C-5A08-4292-870A-FA53C25A273E}.Debug|Any CPU.ActiveCfg = Debug|Any CPU
		{12516F3C-5A08-4292-870A-FA53C25A273E}.Debug|Any CPU.Build.0 = Debug|Any CPU
		{12516F3C-5A08-4292-870A-FA53C25A273E}.Release|Any CPU.ActiveCfg = Release|Any CPU
		{12516F3C-5A08-4292-870A-FA53C25A273E}.Release|Any CPU.Build.0 = Release|Any CPU
		{BDE515D9-7FC8-4457-B956-5F22F5424C61}.Debug|Any CPU.ActiveCfg = Debug|Any CPU
		{BDE515D9-7FC8-4457-B956-5F22F5424C61}.Debug|Any CPU.Build.0 = Debug|Any CPU
		{BDE515D9-7FC8-4457-B956-5F22F5424C61}.Release|Any CPU.ActiveCfg = Release|Any CPU
		{BDE515D9-7FC8-4457-B956-5F22F5424C61}.Release|Any CPU.Build.0 = Release|Any CPU
		{6A656D6B-5248-43CF-AA45-AD0BA0933DF0}.Debug|Any CPU.ActiveCfg = Debug|Any CPU
		{6A656D6B-5248-43CF-AA45-AD0BA0933DF0}.Debug|Any CPU.Build.0 = Debug|Any CPU
		{6A656D6B-5248-43CF-AA45-AD0BA0933DF0}.Release|Any CPU.ActiveCfg = Release|Any CPU
		{6A656D6B-5248-43CF-AA45-AD0BA0933DF0}.Release|Any CPU.Build.0 = Release|Any CPU
		{15C826DE-01A3-42A0-80BE-C8D8C12871D3}.Debug|Any CPU.ActiveCfg = Debug|Any CPU
		{15C826DE-01A3-42A0-80BE-C8D8C12871D3}.Debug|Any CPU.Build.0 = Debug|Any CPU
		{15C826DE-01A3-42A0-80BE-C8D8C12871D3}.Release|Any CPU.ActiveCfg = Release|Any CPU
		{15C826DE-01A3-42A0-80BE-C8D8C12871D3}.Release|Any CPU.Build.0 = Release|Any CPU
	EndGlobalSection
	GlobalSection(SolutionProperties) = preSolution
		HideSolutionNode = FALSE
	EndGlobalSection
	GlobalSection(ExtensibilityGlobals) = postSolution
		SolutionGuid = {51F1E87A-78FA-4228-B192-5A9484117EAD}
	EndGlobalSection
EndGlobal
