
Microsoft Visual Studio Solution File, Format Version 12.00
# Visual Studio 15
VisualStudioVersion = 15.0.28307.645
MinimumVisualStudioVersion = 10.0.40219.1
Project("{FAE04EC0-301F-11D3-BF4B-00C04F79EFBC}") = "WebFormApp", "WinFormAppBootstrap\WebFormApp.csproj", "{3B910C9E-09D7-45A3-B1DD-74CD3AB4B258}"
EndProject
Project("{FAE04EC0-301F-11D3-BF4B-00C04F79EFBC}") = "WebFormApp.Models", "Models\WebFormApp.Models.csproj", "{CF864C9C-81A6-48BC-BB0B-4BF406D0D0D1}"
EndProject
Project("{FAE04EC0-301F-11D3-BF4B-00C04F79EFBC}") = "WebFormApp.BLL", "WebFormApp.BLL\WebFormApp.BLL.csproj", "{11B1A3DA-1E44-4C4C-9293-7B71BE5BBB97}"
EndProject
Project("{FAE04EC0-301F-11D3-BF4B-00C04F79EFBC}") = "WebFormApp.DAL", "WebFormApp.DAL\WebFormApp.DAL.csproj", "{7338E07C-16DB-4132-AC08-6C4320823641}"
EndProject
Global
	GlobalSection(SolutionConfigurationPlatforms) = preSolution
		Debug|Any CPU = Debug|Any CPU
		Release|Any CPU = Release|Any CPU
	EndGlobalSection
	GlobalSection(ProjectConfigurationPlatforms) = postSolution
		{3B910C9E-09D7-45A3-B1DD-74CD3AB4B258}.Debug|Any CPU.ActiveCfg = Debug|Any CPU
		{3B910C9E-09D7-45A3-B1DD-74CD3AB4B258}.Debug|Any CPU.Build.0 = Debug|Any CPU
		{3B910C9E-09D7-45A3-B1DD-74CD3AB4B258}.Release|Any CPU.ActiveCfg = Release|Any CPU
		{3B910C9E-09D7-45A3-B1DD-74CD3AB4B258}.Release|Any CPU.Build.0 = Release|Any CPU
		{CF864C9C-81A6-48BC-BB0B-4BF406D0D0D1}.Debug|Any CPU.ActiveCfg = Debug|Any CPU
		{CF864C9C-81A6-48BC-BB0B-4BF406D0D0D1}.Debug|Any CPU.Build.0 = Debug|Any CPU
		{CF864C9C-81A6-48BC-BB0B-4BF406D0D0D1}.Release|Any CPU.ActiveCfg = Release|Any CPU
		{CF864C9C-81A6-48BC-BB0B-4BF406D0D0D1}.Release|Any CPU.Build.0 = Release|Any CPU
		{11B1A3DA-1E44-4C4C-9293-7B71BE5BBB97}.Debug|Any CPU.ActiveCfg = Debug|Any CPU
		{11B1A3DA-1E44-4C4C-9293-7B71BE5BBB97}.Debug|Any CPU.Build.0 = Debug|Any CPU
		{11B1A3DA-1E44-4C4C-9293-7B71BE5BBB97}.Release|Any CPU.ActiveCfg = Release|Any CPU
		{11B1A3DA-1E44-4C4C-9293-7B71BE5BBB97}.Release|Any CPU.Build.0 = Release|Any CPU
		{7338E07C-16DB-4132-AC08-6C4320823641}.Debug|Any CPU.ActiveCfg = Debug|Any CPU
		{7338E07C-16DB-4132-AC08-6C4320823641}.Debug|Any CPU.Build.0 = Debug|Any CPU
		{7338E07C-16DB-4132-AC08-6C4320823641}.Release|Any CPU.ActiveCfg = Release|Any CPU
		{7338E07C-16DB-4132-AC08-6C4320823641}.Release|Any CPU.Build.0 = Release|Any CPU
	EndGlobalSection
	GlobalSection(SolutionProperties) = preSolution
		HideSolutionNode = FALSE
	EndGlobalSection
	GlobalSection(ExtensibilityGlobals) = postSolution
		SolutionGuid = {121174AF-A872-4C23-A489-CD2191AAE113}
	EndGlobalSection
EndGlobal
